
Microsoft Visual Studio Solution File, Format Version 12.00
# Visual Studio Version 17
VisualStudioVersion = 17.10.35013.160
MinimumVisualStudioVersion = 10.0.40219.1
Project("{FAE04EC0-301F-11D3-BF4B-00C04F79EFBC}") = "WindowsFormsApp1", "WindowsFormsApp1.csproj", "{958ADC61-B398-46AE-A1B9-ACB382E2F776}"
EndProject
Global
	GlobalSection(SolutionConfigurationPlatforms) = preSolution
		Debug|Any CPU = Debug|Any CPU
		Release|Any CPU = Release|Any CPU
	EndGlobalSection
	GlobalSection(ProjectConfigurationPlatforms) = postSolution
		{958ADC61-B398-46AE-A1B9-ACB382E2F776}.Debug|Any CPU.ActiveCfg = Debug|Any CPU
		{958ADC61-B398-46AE-A1B9-ACB382E2F776}.Debug|Any CPU.Build.0 = Debug|Any CPU
		{958ADC61-B398-46AE-A1B9-ACB382E2F776}.Release|Any CPU.ActiveCfg = Release|Any CPU
		{958ADC61-B398-46AE-A1B9-ACB382E2F776}.Release|Any CPU.Build.0 = Release|Any CPU
	EndGlobalSection
	GlobalSection(SolutionProperties) = preSolution
		HideSolutionNode = FALSE
	EndGlobalSection
	GlobalSection(ExtensibilityGlobals) = postSolution
		SolutionGuid = {846F7A48-8D11-4349-9460-3B0DD0EBA6EC}
	EndGlobalSection
EndGlobal
